
Microsoft Visual Studio Solution File, Format Version 12.00
# Visual Studio 2012
Project("{FAE04EC0-301F-11D3-BF4B-00C04F79EFBC}") = "WorkingWithAzureQueues.Sender", "WorkingWithAzureQueues.Queuer\WorkingWithAzureQueues.Sender.csproj", "{EEEDBF56-981C-4A8A-A71E-DD499FFC2EA0}"
EndProject
Project("{FAE04EC0-301F-11D3-BF4B-00C04F79EFBC}") = "WorkingWithAzureQueues.Receiver", "WorkingWithAzureQueues.Worker\WorkingWithAzureQueues.Receiver.csproj", "{E4B0487B-F6F8-4F62-B383-0F55317A3DFC}"
EndProject
Project("{2150E333-8FDC-42A3-9474-1A3956D46DE8}") = ".nuget", ".nuget", "{EEDB3C4F-549C-4857-BA35-BC492A693FB5}"
	ProjectSection(SolutionItems) = preProject
		.nuget\NuGet.Config = .nuget\NuGet.Config
		.nuget\NuGet.exe = .nuget\NuGet.exe
		.nuget\NuGet.targets = .nuget\NuGet.targets
	EndProjectSection
EndProject
Global

	GlobalSection(SolutionConfigurationPlatforms) = preSolution
		Debug|Any CPU = Debug|Any CPU
		Release|Any CPU = Release|Any CPU
	EndGlobalSection
	GlobalSection(ProjectConfigurationPlatforms) = postSolution
		{EEEDBF56-981C-4A8A-A71E-DD499FFC2EA0}.Debug|Any CPU.ActiveCfg = Debug|Any CPU
		{EEEDBF56-981C-4A8A-A71E-DD499FFC2EA0}.Debug|Any CPU.Build.0 = Debug|Any CPU
		{EEEDBF56-981C-4A8A-A71E-DD499FFC2EA0}.Release|Any CPU.ActiveCfg = Release|Any CPU
		{EEEDBF56-981C-4A8A-A71E-DD499FFC2EA0}.Release|Any CPU.Build.0 = Release|Any CPU
		{E4B0487B-F6F8-4F62-B383-0F55317A3DFC}.Debug|Any CPU.ActiveCfg = Debug|Any CPU
		{E4B0487B-F6F8-4F62-B383-0F55317A3DFC}.Debug|Any CPU.Build.0 = Debug|Any CPU
		{E4B0487B-F6F8-4F62-B383-0F55317A3DFC}.Release|Any CPU.ActiveCfg = Release|Any CPU
		{E4B0487B-F6F8-4F62-B383-0F55317A3DFC}.Release|Any CPU.Build.0 = Release|Any CPU
	EndGlobalSection
	GlobalSection(SolutionProperties) = preSolution
		HideSolutionNode = FALSE
	EndGlobalSection
EndGlobal

