
Microsoft Visual Studio Solution File, Format Version 12.00
# Visual Studio 2012
Project("{FAE04EC0-301F-11D3-BF4B-00C04F79EFBC}") = "MvcWifClaimsDemo", "MvcWifClaimsDemo\MvcWifClaimsDemo.csproj", "{A03CBA67-94A8-4A49-89B5-83F1B7C6DF03}"
EndProject
Global
	GlobalSection(SolutionConfigurationPlatforms) = preSolution
		Debug|Any CPU = Debug|Any CPU
		Release|Any CPU = Release|Any CPU
	EndGlobalSection
	GlobalSection(ProjectConfigurationPlatforms) = postSolution
		{A03CBA67-94A8-4A49-89B5-83F1B7C6DF03}.Debug|Any CPU.ActiveCfg = Debug|Any CPU
		{A03CBA67-94A8-4A49-89B5-83F1B7C6DF03}.Debug|Any CPU.Build.0 = Debug|Any CPU
		{A03CBA67-94A8-4A49-89B5-83F1B7C6DF03}.Release|Any CPU.ActiveCfg = Release|Any CPU
		{A03CBA67-94A8-4A49-89B5-83F1B7C6DF03}.Release|Any CPU.Build.0 = Release|Any CPU
	EndGlobalSection
	GlobalSection(SolutionProperties) = preSolution
		HideSolutionNode = FALSE
	EndGlobalSection
EndGlobal
