
Microsoft Visual Studio Solution File, Format Version 12.00
# Visual Studio 2012
Project("{FAE04EC0-301F-11D3-BF4B-00C04F79EFBC}") = "BlueYonder.Companion.Client", "BlueYonder.Companion.Client\BlueYonder.Companion.Client.csproj", "{8CBF4113-8AF3-4A69-A351-5B55B76A2A8A}"
EndProject
Project("{2150E333-8FDC-42A3-9474-1A3956D46DE8}") = ".nuget", ".nuget", "{8752A7C1-1248-461B-9C80-B5D9A7592D1C}"
	ProjectSection(SolutionItems) = preProject
		.nuget\NuGet.Config = .nuget\NuGet.Config
		.nuget\NuGet.exe = .nuget\NuGet.exe
		.nuget\NuGet.targets = .nuget\NuGet.targets
	EndProjectSection
EndProject
Project("{FAE04EC0-301F-11D3-BF4B-00C04F79EFBC}") = "BlueYonder.Companion.Shared", "BlueYonder.Companion.Shared\BlueYonder.Companion.Shared.csproj", "{40EE204D-FDBC-4A5F-BCE9-12552CEB91C3}"
EndProject
Project("{FAE04EC0-301F-11D3-BF4B-00C04F79EFBC}") = "BlueYonder.Companion.Tasks", "BlueYonder.Companion.Tasks\BlueYonder.Companion.Tasks.csproj", "{468A1F4F-EF34-4689-9091-F2CAE374A0F2}"
EndProject
Global

	GlobalSection(SolutionConfigurationPlatforms) = preSolution
		Debug|Any CPU = Debug|Any CPU
		Debug|ARM = Debug|ARM
		Debug|x64 = Debug|x64
		Debug|x86 = Debug|x86
		Release|Any CPU = Release|Any CPU
		Release|ARM = Release|ARM
		Release|x64 = Release|x64
		Release|x86 = Release|x86
	EndGlobalSection
	GlobalSection(ProjectConfigurationPlatforms) = postSolution
		{8CBF4113-8AF3-4A69-A351-5B55B76A2A8A}.Debug|Any CPU.ActiveCfg = Debug|Any CPU
		{8CBF4113-8AF3-4A69-A351-5B55B76A2A8A}.Debug|Any CPU.Build.0 = Debug|Any CPU
		{8CBF4113-8AF3-4A69-A351-5B55B76A2A8A}.Debug|Any CPU.Deploy.0 = Debug|Any CPU
		{8CBF4113-8AF3-4A69-A351-5B55B76A2A8A}.Debug|ARM.ActiveCfg = Debug|ARM
		{8CBF4113-8AF3-4A69-A351-5B55B76A2A8A}.Debug|ARM.Build.0 = Debug|ARM
		{8CBF4113-8AF3-4A69-A351-5B55B76A2A8A}.Debug|ARM.Deploy.0 = Debug|ARM
		{8CBF4113-8AF3-4A69-A351-5B55B76A2A8A}.Debug|x64.ActiveCfg = Debug|x64
		{8CBF4113-8AF3-4A69-A351-5B55B76A2A8A}.Debug|x64.Build.0 = Debug|x64
		{8CBF4113-8AF3-4A69-A351-5B55B76A2A8A}.Debug|x64.Deploy.0 = Debug|x64
		{8CBF4113-8AF3-4A69-A351-5B55B76A2A8A}.Debug|x86.ActiveCfg = Debug|x86
		{8CBF4113-8AF3-4A69-A351-5B55B76A2A8A}.Debug|x86.Build.0 = Debug|x86
		{8CBF4113-8AF3-4A69-A351-5B55B76A2A8A}.Debug|x86.Deploy.0 = Debug|x86
		{8CBF4113-8AF3-4A69-A351-5B55B76A2A8A}.Release|Any CPU.ActiveCfg = Release|Any CPU
		{8CBF4113-8AF3-4A69-A351-5B55B76A2A8A}.Release|Any CPU.Build.0 = Release|Any CPU
		{8CBF4113-8AF3-4A69-A351-5B55B76A2A8A}.Release|Any CPU.Deploy.0 = Release|Any CPU
		{8CBF4113-8AF3-4A69-A351-5B55B76A2A8A}.Release|ARM.ActiveCfg = Release|ARM
		{8CBF4113-8AF3-4A69-A351-5B55B76A2A8A}.Release|ARM.Build.0 = Release|ARM
		{8CBF4113-8AF3-4A69-A351-5B55B76A2A8A}.Release|ARM.Deploy.0 = Release|ARM
		{8CBF4113-8AF3-4A69-A351-5B55B76A2A8A}.Release|x64.ActiveCfg = Release|x64
		{8CBF4113-8AF3-4A69-A351-5B55B76A2A8A}.Release|x64.Build.0 = Release|x64
		{8CBF4113-8AF3-4A69-A351-5B55B76A2A8A}.Release|x64.Deploy.0 = Release|x64
		{8CBF4113-8AF3-4A69-A351-5B55B76A2A8A}.Release|x86.ActiveCfg = Release|x86
		{8CBF4113-8AF3-4A69-A351-5B55B76A2A8A}.Release|x86.Build.0 = Release|x86
		{8CBF4113-8AF3-4A69-A351-5B55B76A2A8A}.Release|x86.Deploy.0 = Release|x86
		{40EE204D-FDBC-4A5F-BCE9-12552CEB91C3}.Debug|Any CPU.ActiveCfg = Debug|Any CPU
		{40EE204D-FDBC-4A5F-BCE9-12552CEB91C3}.Debug|Any CPU.Build.0 = Debug|Any CPU
		{40EE204D-FDBC-4A5F-BCE9-12552CEB91C3}.Debug|ARM.ActiveCfg = Debug|ARM
		{40EE204D-FDBC-4A5F-BCE9-12552CEB91C3}.Debug|ARM.Build.0 = Debug|ARM
		{40EE204D-FDBC-4A5F-BCE9-12552CEB91C3}.Debug|x64.ActiveCfg = Debug|x64
		{40EE204D-FDBC-4A5F-BCE9-12552CEB91C3}.Debug|x64.Build.0 = Debug|x64
		{40EE204D-FDBC-4A5F-BCE9-12552CEB91C3}.Debug|x86.ActiveCfg = Debug|x86
		{40EE204D-FDBC-4A5F-BCE9-12552CEB91C3}.Debug|x86.Build.0 = Debug|x86
		{40EE204D-FDBC-4A5F-BCE9-12552CEB91C3}.Release|Any CPU.ActiveCfg = Release|Any CPU
		{40EE204D-FDBC-4A5F-BCE9-12552CEB91C3}.Release|Any CPU.Build.0 = Release|Any CPU
		{40EE204D-FDBC-4A5F-BCE9-12552CEB91C3}.Release|ARM.ActiveCfg = Release|ARM
		{40EE204D-FDBC-4A5F-BCE9-12552CEB91C3}.Release|ARM.Build.0 = Release|ARM
		{40EE204D-FDBC-4A5F-BCE9-12552CEB91C3}.Release|x64.ActiveCfg = Release|x64
		{40EE204D-FDBC-4A5F-BCE9-12552CEB91C3}.Release|x64.Build.0 = Release|x64
		{40EE204D-FDBC-4A5F-BCE9-12552CEB91C3}.Release|x86.ActiveCfg = Release|x86
		{40EE204D-FDBC-4A5F-BCE9-12552CEB91C3}.Release|x86.Build.0 = Release|x86
		{468A1F4F-EF34-4689-9091-F2CAE374A0F2}.Debug|Any CPU.ActiveCfg = Debug|Any CPU
		{468A1F4F-EF34-4689-9091-F2CAE374A0F2}.Debug|Any CPU.Build.0 = Debug|Any CPU
		{468A1F4F-EF34-4689-9091-F2CAE374A0F2}.Debug|ARM.ActiveCfg = Debug|ARM
		{468A1F4F-EF34-4689-9091-F2CAE374A0F2}.Debug|ARM.Build.0 = Debug|ARM
		{468A1F4F-EF34-4689-9091-F2CAE374A0F2}.Debug|x64.ActiveCfg = Debug|x64
		{468A1F4F-EF34-4689-9091-F2CAE374A0F2}.Debug|x64.Build.0 = Debug|x64
		{468A1F4F-EF34-4689-9091-F2CAE374A0F2}.Debug|x86.ActiveCfg = Debug|x86
		{468A1F4F-EF34-4689-9091-F2CAE374A0F2}.Debug|x86.Build.0 = Debug|x86
		{468A1F4F-EF34-4689-9091-F2CAE374A0F2}.Release|Any CPU.ActiveCfg = Release|Any CPU
		{468A1F4F-EF34-4689-9091-F2CAE374A0F2}.Release|Any CPU.Build.0 = Release|Any CPU
		{468A1F4F-EF34-4689-9091-F2CAE374A0F2}.Release|ARM.ActiveCfg = Release|ARM
		{468A1F4F-EF34-4689-9091-F2CAE374A0F2}.Release|ARM.Build.0 = Release|ARM
		{468A1F4F-EF34-4689-9091-F2CAE374A0F2}.Release|x64.ActiveCfg = Release|x64
		{468A1F4F-EF34-4689-9091-F2CAE374A0F2}.Release|x64.Build.0 = Release|x64
		{468A1F4F-EF34-4689-9091-F2CAE374A0F2}.Release|x86.ActiveCfg = Release|x86
		{468A1F4F-EF34-4689-9091-F2CAE374A0F2}.Release|x86.Build.0 = Release|x86
	EndGlobalSection
	GlobalSection(SolutionProperties) = preSolution
		HideSolutionNode = FALSE
	EndGlobalSection
EndGlobal

