
Microsoft Visual Studio Solution File, Format Version 12.00
# Visual Studio 2012
Project("{CC5FD16D-436D-48AD-A40C-5A424C6E3E79}") = "AzureDiagnostics", "AzureDiagnostics\AzureDiagnostics.ccproj", "{7A98701A-1DF5-4768-92BA-740133444C35}"
EndProject
Project("{FAE04EC0-301F-11D3-BF4B-00C04F79EFBC}") = "DiagnosticsWebRole", "DiagnosticsWebRole\DiagnosticsWebRole.csproj", "{29C4736A-90B1-4E1E-822E-3F58F9815C82}"
EndProject
Project("{2150E333-8FDC-42A3-9474-1A3956D46DE8}") = ".nuget", ".nuget", "{85C03D0A-4881-4137-AE41-2E85140EE1B1}"
	ProjectSection(SolutionItems) = preProject
		.nuget\packages.config = .nuget\packages.config
	EndProjectSection
EndProject
Global

	GlobalSection(SolutionConfigurationPlatforms) = preSolution
		Debug|Any CPU = Debug|Any CPU
		Release|Any CPU = Release|Any CPU
	EndGlobalSection
	GlobalSection(ProjectConfigurationPlatforms) = postSolution
		{7A98701A-1DF5-4768-92BA-740133444C35}.Debug|Any CPU.ActiveCfg = Debug|Any CPU
		{7A98701A-1DF5-4768-92BA-740133444C35}.Debug|Any CPU.Build.0 = Debug|Any CPU
		{7A98701A-1DF5-4768-92BA-740133444C35}.Release|Any CPU.ActiveCfg = Release|Any CPU
		{7A98701A-1DF5-4768-92BA-740133444C35}.Release|Any CPU.Build.0 = Release|Any CPU
		{29C4736A-90B1-4E1E-822E-3F58F9815C82}.Debug|Any CPU.ActiveCfg = Debug|Any CPU
		{29C4736A-90B1-4E1E-822E-3F58F9815C82}.Debug|Any CPU.Build.0 = Debug|Any CPU
		{29C4736A-90B1-4E1E-822E-3F58F9815C82}.Release|Any CPU.ActiveCfg = Release|Any CPU
		{29C4736A-90B1-4E1E-822E-3F58F9815C82}.Release|Any CPU.Build.0 = Release|Any CPU
	EndGlobalSection
	GlobalSection(SolutionProperties) = preSolution
		HideSolutionNode = FALSE
	EndGlobalSection
EndGlobal


